
Microsoft Visual Studio Solution File, Format Version 12.00
# Visual Studio Version 16
VisualStudioVersion = 16.0.31624.102
MinimumVisualStudioVersion = 10.0.40219.1
Project("{FAE04EC0-301F-11D3-BF4B-00C04F79EFBC}") = "ConsoleAppRecordDemo", "ConsoleAppRecordDemo\ConsoleAppRecordDemo.csproj", "{492B46CC-3931-425F-A0E0-2DC86155FDFA}"
EndProject
Global
	GlobalSection(SolutionConfigurationPlatforms) = preSolution
		Debug|Any CPU = Debug|Any CPU
		Release|Any CPU = Release|Any CPU
	EndGlobalSection
	GlobalSection(ProjectConfigurationPlatforms) = postSolution
		{492B46CC-3931-425F-A0E0-2DC86155FDFA}.Debug|Any CPU.ActiveCfg = Debug|Any CPU
		{492B46CC-3931-425F-A0E0-2DC86155FDFA}.Debug|Any CPU.Build.0 = Debug|Any CPU
		{492B46CC-3931-425F-A0E0-2DC86155FDFA}.Release|Any CPU.ActiveCfg = Release|Any CPU
		{492B46CC-3931-425F-A0E0-2DC86155FDFA}.Release|Any CPU.Build.0 = Release|Any CPU
	EndGlobalSection
	GlobalSection(SolutionProperties) = preSolution
		HideSolutionNode = FALSE
	EndGlobalSection
	GlobalSection(ExtensibilityGlobals) = postSolution
		SolutionGuid = {767EB4F2-10DF-41E4-857B-B041931DD762}
	EndGlobalSection
EndGlobal
